
Microsoft Visual Studio Solution File, Format Version 12.00
# Visual Studio Version 16
VisualStudioVersion = 16.0.30517.126
MinimumVisualStudioVersion = 10.0.40219.1
Project("{FAE04EC0-301F-11D3-BF4B-00C04F79EFBC}") = "Maximum_Value_Code", "Maximum_Value_Code\Maximum_Value_Code.csproj", "{AE7D439F-F48D-489D-A3AF-533CF58C59E3}"
EndProject
Project("{FAE04EC0-301F-11D3-BF4B-00C04F79EFBC}") = "Maximum_Value_Test", "Maximum_Value_Test\Maximum_Value_Test.csproj", "{4490A6F1-1891-4B8A-A766-4564D33A5599}"
EndProject
Global
	GlobalSection(SolutionConfigurationPlatforms) = preSolution
		Debug|Any CPU = Debug|Any CPU
		Release|Any CPU = Release|Any CPU
	EndGlobalSection
	GlobalSection(ProjectConfigurationPlatforms) = postSolution
		{AE7D439F-F48D-489D-A3AF-533CF58C59E3}.Debug|Any CPU.ActiveCfg = Debug|Any CPU
		{AE7D439F-F48D-489D-A3AF-533CF58C59E3}.Debug|Any CPU.Build.0 = Debug|Any CPU
		{AE7D439F-F48D-489D-A3AF-533CF58C59E3}.Release|Any CPU.ActiveCfg = Release|Any CPU
		{AE7D439F-F48D-489D-A3AF-533CF58C59E3}.Release|Any CPU.Build.0 = Release|Any CPU
		{4490A6F1-1891-4B8A-A766-4564D33A5599}.Debug|Any CPU.ActiveCfg = Debug|Any CPU
		{4490A6F1-1891-4B8A-A766-4564D33A5599}.Debug|Any CPU.Build.0 = Debug|Any CPU
		{4490A6F1-1891-4B8A-A766-4564D33A5599}.Release|Any CPU.ActiveCfg = Release|Any CPU
		{4490A6F1-1891-4B8A-A766-4564D33A5599}.Release|Any CPU.Build.0 = Release|Any CPU
	EndGlobalSection
	GlobalSection(SolutionProperties) = preSolution
		HideSolutionNode = FALSE
	EndGlobalSection
	GlobalSection(ExtensibilityGlobals) = postSolution
		SolutionGuid = {C565044C-D997-4532-86F8-7CCB43CE0DD2}
	EndGlobalSection
EndGlobal
